
Microsoft Visual Studio Solution File, Format Version 12.00
# Visual Studio 2013
VisualStudioVersion = 12.0.21005.1
MinimumVisualStudioVersion = 10.0.40219.1
Project("{FAE04EC0-301F-11D3-BF4B-00C04F79EFBC}") = "MihailGospodinov.WordPrediction", "MihailGospodinov.WordPrediction\MihailGospodinov.WordPrediction.csproj", "{B674B22F-2CA2-4D65-9C7E-BA4345A26188}"
EndProject
Project("{FAE04EC0-301F-11D3-BF4B-00C04F79EFBC}") = "MihailGospodinov.WordPrediction.Test", "MihailGospodinov.WordPrediction.Test\MihailGospodinov.WordPrediction.Test.csproj", "{1FB53060-3BC9-4A8D-916E-53867408FEBD}"
EndProject
Project("{FAE04EC0-301F-11D3-BF4B-00C04F79EFBC}") = "MihailGospodinov.WordPrediction.Import", "MihailGospodinov.WordPrediction.Import\MihailGospodinov.WordPrediction.Import.csproj", "{88FD9F2B-EB81-4831-B729-A6BF7A66E857}"
EndProject
Project("{FAE04EC0-301F-11D3-BF4B-00C04F79EFBC}") = "MihailGospodinov.WordPrediction.Web", "MihailGospodinov.WordPrediction.Web\MihailGospodinov.WordPrediction.Web.csproj", "{4789A3B9-0A9A-49F7-9BC9-4F934C383724}"
EndProject
Project("{FAE04EC0-301F-11D3-BF4B-00C04F79EFBC}") = "Project", "Project\Project.csproj", "{C9B37548-228F-4ED2-99F3-DB929690E222}"
EndProject
Global
	GlobalSection(SolutionConfigurationPlatforms) = preSolution
		Debug|Any CPU = Debug|Any CPU
		Release|Any CPU = Release|Any CPU
	EndGlobalSection
	GlobalSection(ProjectConfigurationPlatforms) = postSolution
		{B674B22F-2CA2-4D65-9C7E-BA4345A26188}.Debug|Any CPU.ActiveCfg = Debug|Any CPU
		{B674B22F-2CA2-4D65-9C7E-BA4345A26188}.Debug|Any CPU.Build.0 = Debug|Any CPU
		{B674B22F-2CA2-4D65-9C7E-BA4345A26188}.Release|Any CPU.ActiveCfg = Release|Any CPU
		{B674B22F-2CA2-4D65-9C7E-BA4345A26188}.Release|Any CPU.Build.0 = Release|Any CPU
		{1FB53060-3BC9-4A8D-916E-53867408FEBD}.Debug|Any CPU.ActiveCfg = Debug|Any CPU
		{1FB53060-3BC9-4A8D-916E-53867408FEBD}.Debug|Any CPU.Build.0 = Debug|Any CPU
		{1FB53060-3BC9-4A8D-916E-53867408FEBD}.Release|Any CPU.ActiveCfg = Release|Any CPU
		{1FB53060-3BC9-4A8D-916E-53867408FEBD}.Release|Any CPU.Build.0 = Release|Any CPU
		{88FD9F2B-EB81-4831-B729-A6BF7A66E857}.Debug|Any CPU.ActiveCfg = Debug|Any CPU
		{88FD9F2B-EB81-4831-B729-A6BF7A66E857}.Debug|Any CPU.Build.0 = Debug|Any CPU
		{88FD9F2B-EB81-4831-B729-A6BF7A66E857}.Release|Any CPU.ActiveCfg = Release|Any CPU
		{88FD9F2B-EB81-4831-B729-A6BF7A66E857}.Release|Any CPU.Build.0 = Release|Any CPU
		{4789A3B9-0A9A-49F7-9BC9-4F934C383724}.Debug|Any CPU.ActiveCfg = Debug|Any CPU
		{4789A3B9-0A9A-49F7-9BC9-4F934C383724}.Debug|Any CPU.Build.0 = Debug|Any CPU
		{4789A3B9-0A9A-49F7-9BC9-4F934C383724}.Release|Any CPU.ActiveCfg = Release|Any CPU
		{4789A3B9-0A9A-49F7-9BC9-4F934C383724}.Release|Any CPU.Build.0 = Release|Any CPU
		{C9B37548-228F-4ED2-99F3-DB929690E222}.Debug|Any CPU.ActiveCfg = Debug|Any CPU
		{C9B37548-228F-4ED2-99F3-DB929690E222}.Debug|Any CPU.Build.0 = Debug|Any CPU
		{C9B37548-228F-4ED2-99F3-DB929690E222}.Release|Any CPU.ActiveCfg = Release|Any CPU
		{C9B37548-228F-4ED2-99F3-DB929690E222}.Release|Any CPU.Build.0 = Release|Any CPU
	EndGlobalSection
	GlobalSection(SolutionProperties) = preSolution
		HideSolutionNode = FALSE
	EndGlobalSection
EndGlobal
